
Microsoft Visual Studio Solution File, Format Version 12.00
# Visual Studio Version 16
VisualStudioVersion = 16.0.31205.134
MinimumVisualStudioVersion = 10.0.40219.1
Project("{FAE04EC0-301F-11D3-BF4B-00C04F79EFBC}") = "Day 3", "Day 3.csproj", "{B926A2C4-29C5-499A-A9BA-F70AE0DFC843}"
EndProject
Global
	GlobalSection(SolutionConfigurationPlatforms) = preSolution
		Debug|Any CPU = Debug|Any CPU
		Release|Any CPU = Release|Any CPU
	EndGlobalSection
	GlobalSection(ProjectConfigurationPlatforms) = postSolution
		{B926A2C4-29C5-499A-A9BA-F70AE0DFC843}.Debug|Any CPU.ActiveCfg = Debug|Any CPU
		{B926A2C4-29C5-499A-A9BA-F70AE0DFC843}.Debug|Any CPU.Build.0 = Debug|Any CPU
		{B926A2C4-29C5-499A-A9BA-F70AE0DFC843}.Release|Any CPU.ActiveCfg = Release|Any CPU
		{B926A2C4-29C5-499A-A9BA-F70AE0DFC843}.Release|Any CPU.Build.0 = Release|Any CPU
	EndGlobalSection
	GlobalSection(SolutionProperties) = preSolution
		HideSolutionNode = FALSE
	EndGlobalSection
	GlobalSection(ExtensibilityGlobals) = postSolution
		SolutionGuid = {BC7F031B-BD52-4B42-AD5B-DC73A5C3C10F}
	EndGlobalSection
EndGlobal
